{
  "version": 4,
  "terraform_version": "0.12.28",
  "serial": 247,
  "lineage": "334fa9b6-6585-30db-6903-323647d4f0f2",
  "outputs": {
    "LB_ip_addr": {
      "value": "10.0.0.4",
      "type": "string"
    },
    "apache_1_ip_addr": {
      "value": "10.0.0.3",
      "type": "string"
    },
    "apache_2_ip_addr": {
      "value": "10.0.0.19",
      "type": "string"
    }
  },
  "resources": [
    {
      "mode": "managed",
      "type": "docker_container",
      "name": "LB",
      "provider": "provider.docker",
      "instances": [
        {
          "schema_version": 2,
          "attributes": {
            "attach": false,
            "bridge": "",
            "capabilities": [],
            "command": [
              "/bin/sh",
              "-c",
              "haproxy -f /etc/haproxy/haproxy.cfg"
            ],
            "container_logs": null,
            "cpu_set": "",
            "cpu_shares": 0,
            "destroy_grace_seconds": null,
            "devices": [],
            "dns": [],
            "dns_opts": [],
            "dns_search": null,
            "domainname": "",
            "entrypoint": [],
            "env": null,
            "exit_code": null,
            "gateway": "10.0.0.1",
            "group_add": null,
            "healthcheck": [],
            "host": [
              {
                "host": "app1",
                "ip": "10.0.0.3"
              },
              {
                "host": "app2",
                "ip": "10.0.0.19"
              }
            ],
            "hostname": "0f968346891e",
            "id": "0f968346891ec27abc3a20346b6c2e4b8c48abb6533fbc88ef5c5266b5759aa4",
            "image": "sha256:35c3d81b1ced35926de477ca422a0fd1729bab8a3c27c6731e8eabe1de943de6",
            "ip_address": "10.0.0.4",
            "ip_prefix_length": 28,
            "ipc_mode": "private",
            "labels": [],
            "links": null,
            "log_driver": "json-file",
            "log_opts": {},
            "logs": false,
            "max_retry_count": 0,
            "memory": 0,
            "memory_swap": 0,
            "mounts": [],
            "must_run": true,
            "name": "LB",
            "network_alias": null,
            "network_data": [
              {
                "gateway": "10.0.0.17",
                "ip_address": "10.0.0.20",
                "ip_prefix_length": 28,
                "network_name": "app_network_2"
              },
              {
                "gateway": "10.0.0.33",
                "ip_address": "10.0.0.34",
                "ip_prefix_length": 28,
                "network_name": "public_network"
              },
              {
                "gateway": "10.0.0.1",
                "ip_address": "10.0.0.4",
                "ip_prefix_length": 28,
                "network_name": "app_network_1"
              }
            ],
            "network_mode": "default",
            "networks": null,
            "networks_advanced": [
              {
                "aliases": [],
                "ipv4_address": "",
                "ipv6_address": "",
                "name": "app_network_1"
              },
              {
                "aliases": [],
                "ipv4_address": "",
                "ipv6_address": "",
                "name": "app_network_2"
              },
              {
                "aliases": [],
                "ipv4_address": "",
                "ipv6_address": "",
                "name": "public_network"
              }
            ],
            "pid_mode": "",
            "ports": [
              {
                "external": 80,
                "internal": 80,
                "ip": "0.0.0.0",
                "protocol": "tcp"
              },
              {
                "external": 443,
                "internal": 443,
                "ip": "0.0.0.0",
                "protocol": "tcp"
              },
              {
                "external": 1936,
                "internal": 1936,
                "ip": "0.0.0.0",
                "protocol": "tcp"
              }
            ],
            "privileged": false,
            "publish_all_ports": false,
            "read_only": false,
            "restart": "no",
            "rm": false,
            "shm_size": 64,
            "start": true,
            "sysctls": null,
            "tmpfs": null,
            "ulimit": [],
            "upload": [],
            "user": "",
            "userns_mode": "",
            "volumes": [],
            "working_dir": ""
          },
          "private": "eyJzY2hlbWFfdmVyc2lvbiI6IjIifQ==",
          "dependencies": [
            "docker_container.apache_1",
            "docker_container.apache_2",
            "docker_container.db_1",
            "docker_container.db_2",
            "docker_image.db",
            "docker_image.lb",
            "docker_image.web",
            "docker_network.app_network_1",
            "docker_network.app_network_2",
            "docker_network.public_network"
          ]
        }
      ]
    },
    {
      "mode": "managed",
      "type": "docker_container",
      "name": "apache_1",
      "provider": "provider.docker",
      "instances": [
        {
          "schema_version": 2,
          "attributes": {
            "attach": false,
            "bridge": "",
            "capabilities": [],
            "command": [
              "/bin/sh",
              "-c",
              "/usr/sbin/httpd -k start -D FOREGROUND"
            ],
            "container_logs": null,
            "cpu_set": "",
            "cpu_shares": 0,
            "destroy_grace_seconds": null,
            "devices": [],
            "dns": [],
            "dns_opts": [],
            "dns_search": null,
            "domainname": "",
            "entrypoint": [],
            "env": null,
            "exit_code": null,
            "gateway": "10.0.0.1",
            "group_add": null,
            "healthcheck": [],
            "host": [
              {
                "host": "db",
                "ip": "10.0.0.2"
              }
            ],
            "hostname": "101e86822ca1",
            "id": "101e86822ca1d9380940825bbb6570b04397b13ed28eb64ba76e23808fef6f3a",
            "image": "sha256:09e874bbe9a8f69f81cd29262179c43e6d56bcceb52079216a233930a98a9b32",
            "ip_address": "10.0.0.3",
            "ip_prefix_length": 28,
            "ipc_mode": "private",
            "labels": [],
            "links": null,
            "log_driver": "json-file",
            "log_opts": {},
            "logs": false,
            "max_retry_count": 0,
            "memory": 0,
            "memory_swap": 0,
            "mounts": [],
            "must_run": true,
            "name": "apache_1",
            "network_alias": null,
            "network_data": [
              {
                "gateway": "10.0.0.1",
                "ip_address": "10.0.0.3",
                "ip_prefix_length": 28,
                "network_name": "app_network_1"
              }
            ],
            "network_mode": "default",
            "networks": null,
            "networks_advanced": [
              {
                "aliases": [],
                "ipv4_address": "",
                "ipv6_address": "",
                "name": "app_network_1"
              }
            ],
            "pid_mode": "",
            "ports": [],
            "privileged": false,
            "publish_all_ports": false,
            "read_only": false,
            "restart": "no",
            "rm": false,
            "shm_size": 64,
            "start": true,
            "sysctls": null,
            "tmpfs": null,
            "ulimit": [],
            "upload": [],
            "user": "",
            "userns_mode": "",
            "volumes": [],
            "working_dir": ""
          },
          "private": "eyJzY2hlbWFfdmVyc2lvbiI6IjIifQ==",
          "dependencies": [
            "docker_container.db_1",
            "docker_image.db",
            "docker_image.web",
            "docker_network.app_network_1"
          ]
        }
      ]
    },
    {
      "mode": "managed",
      "type": "docker_container",
      "name": "apache_2",
      "provider": "provider.docker",
      "instances": [
        {
          "schema_version": 2,
          "attributes": {
            "attach": false,
            "bridge": "",
            "capabilities": [],
            "command": [
              "/bin/sh",
              "-c",
              "/usr/sbin/httpd -k start -D FOREGROUND"
            ],
            "container_logs": null,
            "cpu_set": "",
            "cpu_shares": 0,
            "destroy_grace_seconds": null,
            "devices": [],
            "dns": [],
            "dns_opts": [],
            "dns_search": null,
            "domainname": "",
            "entrypoint": [],
            "env": null,
            "exit_code": null,
            "gateway": "10.0.0.17",
            "group_add": null,
            "healthcheck": [],
            "host": [
              {
                "host": "db",
                "ip": "10.0.0.18"
              }
            ],
            "hostname": "9359f2bdf31b",
            "id": "9359f2bdf31ba92f8017bc43480c74ea9da03d1a3259bf02051f6a202eb774e9",
            "image": "sha256:09e874bbe9a8f69f81cd29262179c43e6d56bcceb52079216a233930a98a9b32",
            "ip_address": "10.0.0.19",
            "ip_prefix_length": 28,
            "ipc_mode": "private",
            "labels": [],
            "links": null,
            "log_driver": "json-file",
            "log_opts": {},
            "logs": false,
            "max_retry_count": 0,
            "memory": 0,
            "memory_swap": 0,
            "mounts": [],
            "must_run": true,
            "name": "apache_2",
            "network_alias": null,
            "network_data": [
              {
                "gateway": "10.0.0.17",
                "ip_address": "10.0.0.19",
                "ip_prefix_length": 28,
                "network_name": "app_network_2"
              }
            ],
            "network_mode": "default",
            "networks": null,
            "networks_advanced": [
              {
                "aliases": [],
                "ipv4_address": "",
                "ipv6_address": "",
                "name": "app_network_2"
              }
            ],
            "pid_mode": "",
            "ports": [],
            "privileged": false,
            "publish_all_ports": false,
            "read_only": false,
            "restart": "no",
            "rm": false,
            "shm_size": 64,
            "start": true,
            "sysctls": null,
            "tmpfs": null,
            "ulimit": [],
            "upload": [],
            "user": "",
            "userns_mode": "",
            "volumes": [],
            "working_dir": ""
          },
          "private": "eyJzY2hlbWFfdmVyc2lvbiI6IjIifQ==",
          "dependencies": [
            "docker_container.db_2",
            "docker_image.db",
            "docker_image.web",
            "docker_network.app_network_2"
          ]
        }
      ]
    },
    {
      "mode": "managed",
      "type": "docker_container",
      "name": "db_1",
      "provider": "provider.docker",
      "instances": [
        {
          "schema_version": 2,
          "attributes": {
            "attach": false,
            "bridge": "",
            "capabilities": [],
            "command": [
              "mysqld_safe"
            ],
            "container_logs": null,
            "cpu_set": "",
            "cpu_shares": 0,
            "destroy_grace_seconds": null,
            "devices": [],
            "dns": [],
            "dns_opts": [],
            "dns_search": null,
            "domainname": "",
            "entrypoint": [],
            "env": null,
            "exit_code": null,
            "gateway": "10.0.0.1",
            "group_add": null,
            "healthcheck": [],
            "host": [],
            "hostname": "bf776b8c484c",
            "id": "bf776b8c484c6fd4b077968ad9a797cb7f3bb15dc1bd68aa56f6526389218945",
            "image": "sha256:0045d8611f43d8806e628a913d1a31cb57ad0099d4faa385f92e24be24b1c39a",
            "ip_address": "10.0.0.2",
            "ip_prefix_length": 28,
            "ipc_mode": "private",
            "labels": [],
            "links": null,
            "log_driver": "json-file",
            "log_opts": {},
            "logs": false,
            "max_retry_count": 0,
            "memory": 0,
            "memory_swap": 0,
            "mounts": [],
            "must_run": true,
            "name": "db_1",
            "network_alias": null,
            "network_data": [
              {
                "gateway": "10.0.0.1",
                "ip_address": "10.0.0.2",
                "ip_prefix_length": 28,
                "network_name": "app_network_1"
              }
            ],
            "network_mode": "default",
            "networks": null,
            "networks_advanced": [
              {
                "aliases": [],
                "ipv4_address": "",
                "ipv6_address": "",
                "name": "app_network_1"
              }
            ],
            "pid_mode": "",
            "ports": [],
            "privileged": false,
            "publish_all_ports": false,
            "read_only": false,
            "restart": "no",
            "rm": false,
            "shm_size": 64,
            "start": true,
            "sysctls": null,
            "tmpfs": null,
            "ulimit": [],
            "upload": [],
            "user": "",
            "userns_mode": "",
            "volumes": [],
            "working_dir": ""
          },
          "private": "eyJzY2hlbWFfdmVyc2lvbiI6IjIifQ==",
          "dependencies": [
            "docker_image.db",
            "docker_network.app_network_1"
          ]
        }
      ]
    },
    {
      "mode": "managed",
      "type": "docker_container",
      "name": "db_2",
      "provider": "provider.docker",
      "instances": [
        {
          "schema_version": 2,
          "attributes": {
            "attach": false,
            "bridge": "",
            "capabilities": [],
            "command": [
              "mysqld_safe"
            ],
            "container_logs": null,
            "cpu_set": "",
            "cpu_shares": 0,
            "destroy_grace_seconds": null,
            "devices": [],
            "dns": [],
            "dns_opts": [],
            "dns_search": null,
            "domainname": "",
            "entrypoint": [],
            "env": null,
            "exit_code": null,
            "gateway": "10.0.0.17",
            "group_add": null,
            "healthcheck": [],
            "host": [],
            "hostname": "720a213ff771",
            "id": "720a213ff77100027bff2a38c907611d7f3302ac9d41e4cfb42c88f41342db08",
            "image": "sha256:0045d8611f43d8806e628a913d1a31cb57ad0099d4faa385f92e24be24b1c39a",
            "ip_address": "10.0.0.18",
            "ip_prefix_length": 28,
            "ipc_mode": "private",
            "labels": [],
            "links": null,
            "log_driver": "json-file",
            "log_opts": {},
            "logs": false,
            "max_retry_count": 0,
            "memory": 0,
            "memory_swap": 0,
            "mounts": [],
            "must_run": true,
            "name": "db_2",
            "network_alias": null,
            "network_data": [
              {
                "gateway": "10.0.0.17",
                "ip_address": "10.0.0.18",
                "ip_prefix_length": 28,
                "network_name": "app_network_2"
              }
            ],
            "network_mode": "default",
            "networks": null,
            "networks_advanced": [
              {
                "aliases": [],
                "ipv4_address": "",
                "ipv6_address": "",
                "name": "app_network_2"
              }
            ],
            "pid_mode": "",
            "ports": [],
            "privileged": false,
            "publish_all_ports": false,
            "read_only": false,
            "restart": "no",
            "rm": false,
            "shm_size": 64,
            "start": true,
            "sysctls": null,
            "tmpfs": null,
            "ulimit": [],
            "upload": [],
            "user": "",
            "userns_mode": "",
            "volumes": [],
            "working_dir": ""
          },
          "private": "eyJzY2hlbWFfdmVyc2lvbiI6IjIifQ==",
          "dependencies": [
            "docker_image.db",
            "docker_network.app_network_2"
          ]
        }
      ]
    },
    {
      "mode": "managed",
      "type": "docker_image",
      "name": "alpine",
      "provider": "provider.docker",
      "instances": [
        {
          "schema_version": 0,
          "attributes": {
            "id": "sha256:a24bb4013296f61e89ba57005a7b3e52274d8edd3ae2077d04395f806b63d83ealpine:latest",
            "keep_locally": true,
            "latest": "sha256:a24bb4013296f61e89ba57005a7b3e52274d8edd3ae2077d04395f806b63d83e",
            "name": "alpine:latest",
            "pull_trigger": null,
            "pull_triggers": null
          },
          "private": "bnVsbA=="
        }
      ]
    },
    {
      "mode": "managed",
      "type": "docker_image",
      "name": "db",
      "provider": "provider.docker",
      "instances": [
        {
          "schema_version": 0,
          "attributes": {
            "id": "sha256:0045d8611f43d8806e628a913d1a31cb57ad0099d4faa385f92e24be24b1c39alocalhost:5000/lamp_terr/database",
            "keep_locally": true,
            "latest": "sha256:0045d8611f43d8806e628a913d1a31cb57ad0099d4faa385f92e24be24b1c39a",
            "name": "localhost:5000/lamp_terr/database",
            "pull_trigger": null,
            "pull_triggers": null
          },
          "private": "bnVsbA=="
        }
      ]
    },
    {
      "mode": "managed",
      "type": "docker_image",
      "name": "lb",
      "provider": "provider.docker",
      "instances": [
        {
          "schema_version": 0,
          "attributes": {
            "id": "sha256:35c3d81b1ced35926de477ca422a0fd1729bab8a3c27c6731e8eabe1de943de6localhost:5000/lamp_terr/loadbalancer",
            "keep_locally": true,
            "latest": "sha256:35c3d81b1ced35926de477ca422a0fd1729bab8a3c27c6731e8eabe1de943de6",
            "name": "localhost:5000/lamp_terr/loadbalancer",
            "pull_trigger": null,
            "pull_triggers": null
          },
          "private": "bnVsbA=="
        }
      ]
    },
    {
      "mode": "managed",
      "type": "docker_image",
      "name": "web",
      "provider": "provider.docker",
      "instances": [
        {
          "schema_version": 0,
          "attributes": {
            "id": "sha256:09e874bbe9a8f69f81cd29262179c43e6d56bcceb52079216a233930a98a9b32localhost:5000/lamp_terr/web",
            "keep_locally": true,
            "latest": "sha256:09e874bbe9a8f69f81cd29262179c43e6d56bcceb52079216a233930a98a9b32",
            "name": "localhost:5000/lamp_terr/web",
            "pull_trigger": null,
            "pull_triggers": null
          },
          "private": "bnVsbA=="
        }
      ]
    },
    {
      "mode": "managed",
      "type": "docker_network",
      "name": "app_network_1",
      "provider": "provider.docker",
      "instances": [
        {
          "schema_version": 1,
          "attributes": {
            "attachable": false,
            "check_duplicate": null,
            "driver": "bridge",
            "id": "aa5f6a6c7817104cfac745753f6f7582921308c95dc3813cb4cc50f7d300babc",
            "ingress": false,
            "internal": true,
            "ipam_config": [
              {
                "aux_address": {},
                "gateway": "",
                "ip_range": "",
                "subnet": "10.0.0.0/28"
              }
            ],
            "ipam_driver": "default",
            "ipv6": false,
            "labels": [],
            "name": "app_network_1",
            "options": {},
            "scope": "local"
          },
          "private": "eyJzY2hlbWFfdmVyc2lvbiI6IjEifQ=="
        }
      ]
    },
    {
      "mode": "managed",
      "type": "docker_network",
      "name": "app_network_2",
      "provider": "provider.docker",
      "instances": [
        {
          "schema_version": 1,
          "attributes": {
            "attachable": false,
            "check_duplicate": null,
            "driver": "bridge",
            "id": "a5a480e63c288f492d8755a10db1c2984e337e26b92e2ceda86bafeb30f12402",
            "ingress": false,
            "internal": true,
            "ipam_config": [
              {
                "aux_address": {},
                "gateway": "",
                "ip_range": "",
                "subnet": "10.0.0.16/28"
              }
            ],
            "ipam_driver": "default",
            "ipv6": false,
            "labels": [],
            "name": "app_network_2",
            "options": {},
            "scope": "local"
          },
          "private": "eyJzY2hlbWFfdmVyc2lvbiI6IjEifQ=="
        }
      ]
    },
    {
      "mode": "managed",
      "type": "docker_network",
      "name": "public_network",
      "provider": "provider.docker",
      "instances": [
        {
          "schema_version": 1,
          "attributes": {
            "attachable": false,
            "check_duplicate": null,
            "driver": "bridge",
            "id": "b16cc9b894aef4241b63c33dbc35f5ac507afde9657e5065b76e1093579311f9",
            "ingress": false,
            "internal": false,
            "ipam_config": [
              {
                "aux_address": {},
                "gateway": "",
                "ip_range": "",
                "subnet": "10.0.0.32/28"
              }
            ],
            "ipam_driver": "default",
            "ipv6": false,
            "labels": [],
            "name": "public_network",
            "options": {},
            "scope": "local"
          },
          "private": "eyJzY2hlbWFfdmVyc2lvbiI6IjEifQ=="
        }
      ]
    }
  ]
}
